
Microsoft Visual Studio Solution File, Format Version 12.00
# Visual Studio Version 17
VisualStudioVersion = 17.6.33723.286
MinimumVisualStudioVersion = 10.0.40219.1
Project("{FAE04EC0-301F-11D3-BF4B-00C04F79EFBC}") = "Sistema_de_posto_de_gasolina", "Sistema_de_posto_de_gasolina.csproj", "{D37502A7-700E-4A92-8802-C3D9F63C5DEA}"
EndProject
Global
	GlobalSection(SolutionConfigurationPlatforms) = preSolution
		Debug|Any CPU = Debug|Any CPU
		Release|Any CPU = Release|Any CPU
	EndGlobalSection
	GlobalSection(ProjectConfigurationPlatforms) = postSolution
		{D37502A7-700E-4A92-8802-C3D9F63C5DEA}.Debug|Any CPU.ActiveCfg = Debug|Any CPU
		{D37502A7-700E-4A92-8802-C3D9F63C5DEA}.Debug|Any CPU.Build.0 = Debug|Any CPU
		{D37502A7-700E-4A92-8802-C3D9F63C5DEA}.Release|Any CPU.ActiveCfg = Release|Any CPU
		{D37502A7-700E-4A92-8802-C3D9F63C5DEA}.Release|Any CPU.Build.0 = Release|Any CPU
	EndGlobalSection
	GlobalSection(SolutionProperties) = preSolution
		HideSolutionNode = FALSE
	EndGlobalSection
	GlobalSection(ExtensibilityGlobals) = postSolution
		SolutionGuid = {68E656B8-0442-4E63-B2EB-7E943B5ED27C}
	EndGlobalSection
EndGlobal
